
Microsoft Visual Studio Solution File, Format Version 12.00
# Visual Studio 2012
Project("{FAE04EC0-301F-11D3-BF4B-00C04F79EFBC}") = "Pescador.UI", "Pescador.UI\Pescador.UI.csproj", "{6DEA25B0-5131-4B6F-A1CD-D6FC4D5E714A}"
EndProject
Project("{FAE04EC0-301F-11D3-BF4B-00C04F79EFBC}") = "Pescador.Support", "Pescador.Support\Pescador.Support.csproj", "{D1E6A621-A543-4FC5-9172-DB50D39CA754}"
EndProject
Project("{FAE04EC0-301F-11D3-BF4B-00C04F79EFBC}") = "Pescador.Core", "Pescador.Core\Pescador.Core.csproj", "{33E17793-2F56-4227-9837-8B0F7FC8FCD0}"
EndProject
Project("{FAE04EC0-301F-11D3-BF4B-00C04F79EFBC}") = "Pescador.UnitTest", "Pescador.UnitTest\Pescador.UnitTest.csproj", "{0BB85AB4-8995-4046-BADC-53F47FD3468A}"
EndProject
Global
	GlobalSection(SolutionConfigurationPlatforms) = preSolution
		CD_ROM|Any CPU = CD_ROM|Any CPU
		CD_ROM|x86 = CD_ROM|x86
		Debug|Any CPU = Debug|Any CPU
		Debug|x86 = Debug|x86
		DVD-5|Any CPU = DVD-5|Any CPU
		DVD-5|x86 = DVD-5|x86
		Release|Any CPU = Release|Any CPU
		Release|x86 = Release|x86
		SingleImage|Any CPU = SingleImage|Any CPU
		SingleImage|x86 = SingleImage|x86
	EndGlobalSection
	GlobalSection(ProjectConfigurationPlatforms) = postSolution
		{6DEA25B0-5131-4B6F-A1CD-D6FC4D5E714A}.CD_ROM|Any CPU.ActiveCfg = Release|Any CPU
		{6DEA25B0-5131-4B6F-A1CD-D6FC4D5E714A}.CD_ROM|Any CPU.Build.0 = Release|Any CPU
		{6DEA25B0-5131-4B6F-A1CD-D6FC4D5E714A}.CD_ROM|x86.ActiveCfg = Release|x86
		{6DEA25B0-5131-4B6F-A1CD-D6FC4D5E714A}.CD_ROM|x86.Build.0 = Release|x86
		{6DEA25B0-5131-4B6F-A1CD-D6FC4D5E714A}.Debug|Any CPU.ActiveCfg = Debug|Any CPU
		{6DEA25B0-5131-4B6F-A1CD-D6FC4D5E714A}.Debug|Any CPU.Build.0 = Debug|Any CPU
		{6DEA25B0-5131-4B6F-A1CD-D6FC4D5E714A}.Debug|x86.ActiveCfg = Debug|x86
		{6DEA25B0-5131-4B6F-A1CD-D6FC4D5E714A}.Debug|x86.Build.0 = Debug|x86
		{6DEA25B0-5131-4B6F-A1CD-D6FC4D5E714A}.DVD-5|Any CPU.ActiveCfg = Debug|Any CPU
		{6DEA25B0-5131-4B6F-A1CD-D6FC4D5E714A}.DVD-5|Any CPU.Build.0 = Debug|Any CPU
		{6DEA25B0-5131-4B6F-A1CD-D6FC4D5E714A}.DVD-5|x86.ActiveCfg = Debug|x86
		{6DEA25B0-5131-4B6F-A1CD-D6FC4D5E714A}.DVD-5|x86.Build.0 = Debug|x86
		{6DEA25B0-5131-4B6F-A1CD-D6FC4D5E714A}.Release|Any CPU.ActiveCfg = Release|Any CPU
		{6DEA25B0-5131-4B6F-A1CD-D6FC4D5E714A}.Release|Any CPU.Build.0 = Release|Any CPU
		{6DEA25B0-5131-4B6F-A1CD-D6FC4D5E714A}.Release|x86.ActiveCfg = Release|x86
		{6DEA25B0-5131-4B6F-A1CD-D6FC4D5E714A}.Release|x86.Build.0 = Release|x86
		{6DEA25B0-5131-4B6F-A1CD-D6FC4D5E714A}.SingleImage|Any CPU.ActiveCfg = Release|Any CPU
		{6DEA25B0-5131-4B6F-A1CD-D6FC4D5E714A}.SingleImage|Any CPU.Build.0 = Release|Any CPU
		{6DEA25B0-5131-4B6F-A1CD-D6FC4D5E714A}.SingleImage|x86.ActiveCfg = Release|x86
		{6DEA25B0-5131-4B6F-A1CD-D6FC4D5E714A}.SingleImage|x86.Build.0 = Release|x86
		{D1E6A621-A543-4FC5-9172-DB50D39CA754}.CD_ROM|Any CPU.ActiveCfg = Release|Any CPU
		{D1E6A621-A543-4FC5-9172-DB50D39CA754}.CD_ROM|Any CPU.Build.0 = Release|Any CPU
		{D1E6A621-A543-4FC5-9172-DB50D39CA754}.CD_ROM|x86.ActiveCfg = Release|x86
		{D1E6A621-A543-4FC5-9172-DB50D39CA754}.CD_ROM|x86.Build.0 = Release|x86
		{D1E6A621-A543-4FC5-9172-DB50D39CA754}.Debug|Any CPU.ActiveCfg = Debug|Any CPU
		{D1E6A621-A543-4FC5-9172-DB50D39CA754}.Debug|Any CPU.Build.0 = Debug|Any CPU
		{D1E6A621-A543-4FC5-9172-DB50D39CA754}.Debug|x86.ActiveCfg = Debug|x86
		{D1E6A621-A543-4FC5-9172-DB50D39CA754}.Debug|x86.Build.0 = Debug|x86
		{D1E6A621-A543-4FC5-9172-DB50D39CA754}.DVD-5|Any CPU.ActiveCfg = Debug|Any CPU
		{D1E6A621-A543-4FC5-9172-DB50D39CA754}.DVD-5|Any CPU.Build.0 = Debug|Any CPU
		{D1E6A621-A543-4FC5-9172-DB50D39CA754}.DVD-5|x86.ActiveCfg = Debug|x86
		{D1E6A621-A543-4FC5-9172-DB50D39CA754}.DVD-5|x86.Build.0 = Debug|x86
		{D1E6A621-A543-4FC5-9172-DB50D39CA754}.Release|Any CPU.ActiveCfg = Release|Any CPU
		{D1E6A621-A543-4FC5-9172-DB50D39CA754}.Release|Any CPU.Build.0 = Release|Any CPU
		{D1E6A621-A543-4FC5-9172-DB50D39CA754}.Release|x86.ActiveCfg = Release|x86
		{D1E6A621-A543-4FC5-9172-DB50D39CA754}.Release|x86.Build.0 = Release|x86
		{D1E6A621-A543-4FC5-9172-DB50D39CA754}.SingleImage|Any CPU.ActiveCfg = Release|Any CPU
		{D1E6A621-A543-4FC5-9172-DB50D39CA754}.SingleImage|Any CPU.Build.0 = Release|Any CPU
		{D1E6A621-A543-4FC5-9172-DB50D39CA754}.SingleImage|x86.ActiveCfg = Release|x86
		{D1E6A621-A543-4FC5-9172-DB50D39CA754}.SingleImage|x86.Build.0 = Release|x86
		{33E17793-2F56-4227-9837-8B0F7FC8FCD0}.CD_ROM|Any CPU.ActiveCfg = Release|Any CPU
		{33E17793-2F56-4227-9837-8B0F7FC8FCD0}.CD_ROM|Any CPU.Build.0 = Release|Any CPU
		{33E17793-2F56-4227-9837-8B0F7FC8FCD0}.CD_ROM|x86.ActiveCfg = Release|x86
		{33E17793-2F56-4227-9837-8B0F7FC8FCD0}.CD_ROM|x86.Build.0 = Release|x86
		{33E17793-2F56-4227-9837-8B0F7FC8FCD0}.Debug|Any CPU.ActiveCfg = Debug|Any CPU
		{33E17793-2F56-4227-9837-8B0F7FC8FCD0}.Debug|Any CPU.Build.0 = Debug|Any CPU
		{33E17793-2F56-4227-9837-8B0F7FC8FCD0}.Debug|x86.ActiveCfg = Debug|x86
		{33E17793-2F56-4227-9837-8B0F7FC8FCD0}.Debug|x86.Build.0 = Debug|x86
		{33E17793-2F56-4227-9837-8B0F7FC8FCD0}.DVD-5|Any CPU.ActiveCfg = Debug|Any CPU
		{33E17793-2F56-4227-9837-8B0F7FC8FCD0}.DVD-5|Any CPU.Build.0 = Debug|Any CPU
		{33E17793-2F56-4227-9837-8B0F7FC8FCD0}.DVD-5|x86.ActiveCfg = Debug|x86
		{33E17793-2F56-4227-9837-8B0F7FC8FCD0}.DVD-5|x86.Build.0 = Debug|x86
		{33E17793-2F56-4227-9837-8B0F7FC8FCD0}.Release|Any CPU.ActiveCfg = Release|Any CPU
		{33E17793-2F56-4227-9837-8B0F7FC8FCD0}.Release|Any CPU.Build.0 = Release|Any CPU
		{33E17793-2F56-4227-9837-8B0F7FC8FCD0}.Release|x86.ActiveCfg = Release|x86
		{33E17793-2F56-4227-9837-8B0F7FC8FCD0}.Release|x86.Build.0 = Release|x86
		{33E17793-2F56-4227-9837-8B0F7FC8FCD0}.SingleImage|Any CPU.ActiveCfg = Release|Any CPU
		{33E17793-2F56-4227-9837-8B0F7FC8FCD0}.SingleImage|Any CPU.Build.0 = Release|Any CPU
		{33E17793-2F56-4227-9837-8B0F7FC8FCD0}.SingleImage|x86.ActiveCfg = Release|x86
		{33E17793-2F56-4227-9837-8B0F7FC8FCD0}.SingleImage|x86.Build.0 = Release|x86
		{0BB85AB4-8995-4046-BADC-53F47FD3468A}.CD_ROM|Any CPU.ActiveCfg = Release|Any CPU
		{0BB85AB4-8995-4046-BADC-53F47FD3468A}.CD_ROM|Any CPU.Build.0 = Release|Any CPU
		{0BB85AB4-8995-4046-BADC-53F47FD3468A}.CD_ROM|x86.ActiveCfg = Release|x86
		{0BB85AB4-8995-4046-BADC-53F47FD3468A}.CD_ROM|x86.Build.0 = Release|x86
		{0BB85AB4-8995-4046-BADC-53F47FD3468A}.Debug|Any CPU.ActiveCfg = Debug|Any CPU
		{0BB85AB4-8995-4046-BADC-53F47FD3468A}.Debug|Any CPU.Build.0 = Debug|Any CPU
		{0BB85AB4-8995-4046-BADC-53F47FD3468A}.Debug|x86.ActiveCfg = Debug|x86
		{0BB85AB4-8995-4046-BADC-53F47FD3468A}.Debug|x86.Build.0 = Debug|x86
		{0BB85AB4-8995-4046-BADC-53F47FD3468A}.DVD-5|Any CPU.ActiveCfg = Debug|Any CPU
		{0BB85AB4-8995-4046-BADC-53F47FD3468A}.DVD-5|Any CPU.Build.0 = Debug|Any CPU
		{0BB85AB4-8995-4046-BADC-53F47FD3468A}.DVD-5|x86.ActiveCfg = Debug|x86
		{0BB85AB4-8995-4046-BADC-53F47FD3468A}.DVD-5|x86.Build.0 = Debug|x86
		{0BB85AB4-8995-4046-BADC-53F47FD3468A}.Release|Any CPU.ActiveCfg = Release|Any CPU
		{0BB85AB4-8995-4046-BADC-53F47FD3468A}.Release|Any CPU.Build.0 = Release|Any CPU
		{0BB85AB4-8995-4046-BADC-53F47FD3468A}.Release|x86.ActiveCfg = Release|x86
		{0BB85AB4-8995-4046-BADC-53F47FD3468A}.Release|x86.Build.0 = Release|x86
		{0BB85AB4-8995-4046-BADC-53F47FD3468A}.SingleImage|Any CPU.ActiveCfg = Release|Any CPU
		{0BB85AB4-8995-4046-BADC-53F47FD3468A}.SingleImage|Any CPU.Build.0 = Release|Any CPU
		{0BB85AB4-8995-4046-BADC-53F47FD3468A}.SingleImage|x86.ActiveCfg = Release|x86
		{0BB85AB4-8995-4046-BADC-53F47FD3468A}.SingleImage|x86.Build.0 = Release|x86
	EndGlobalSection
	GlobalSection(SolutionProperties) = preSolution
		HideSolutionNode = FALSE
	EndGlobalSection
EndGlobal
